version = 1
revision = 3
requires-python = ">=3.11, <4"

[[package]]
name = "alligater"
version = "0.5.1"
source = { editable = "." }
dependencies = [
    { name = "antlr4-python3-runtime" },
    { name = "mmh3" },
    { name = "pyyaml" },
    { name = "requests" },
    { name = "signed-id" },
    { name = "urllib3" },
]

[package.dev-dependencies]
dev = [
    { name = "pre-commit" },
    { name = "pytest" },
    { name = "responses" },
    { name = "types-requests" },
]

[package.metadata]
requires-dist = [
    { name = "antlr4-python3-runtime", specifier = "==4.13.2" },
    { name = "mmh3", specifier = "~=4.1" },
    { name = "pyyaml", specifier = "~=6.0" },
    { name = "requests", specifier = "~=2.32" },
    { name = "signed-id", specifier = ">=0.1.0" },
    { name = "urllib3", specifier = "~=2.2" },
]

[package.metadata.requires-dev]
dev = [
    { name = "pre-commit", specifier = ">=3.7.1,<4" },
    { name = "pytest", specifier = ">=8.2.2,<9" },
    { name = "responses", specifier = ">=0.25.3,<0.26" },
    { name = "types-requests", specifier = ">=2.32.0.20240712,<3" },
]

[[package]]
name = "antlr4-python3-runtime"
version = "4.13.2"
source = { registry = "https://pypi.org/simple" }
sdist = { url = "https://files.pythonhosted.org/packages/33/5f/2cdf6f7aca3b20d3f316e9f505292e1f256a32089bd702034c29ebde6242/antlr4_python3_runtime-4.13.2.tar.gz", hash = "sha256:909b647e1d2fc2b70180ac586df3933e38919c85f98ccc656a96cd3f25ef3916", size = 117467, upload-time = "2024-08-03T19:00:12.757Z" }
wheels = [
    { url = "https://files.pythonhosted.org/packages/89/03/a851e84fcbb85214dc637b6378121ef9a0dd61b4c65264675d8a5c9b1ae7/antlr4_python3_runtime-4.13.2-py3-none-any.whl", hash = "sha256:fe3835eb8d33daece0e799090eda89719dbccee7aa39ef94eed3818cafa5a7e8", size = 144462, upload-time = "2024-08-03T19:00:11.134Z" },
]

[[package]]
name = "certifi"
version = "2024.7.4"
source = { registry = "https://pypi.org/simple" }
sdist = { url = "https://files.pythonhosted.org/packages/c2/02/a95f2b11e207f68bc64d7aae9666fed2e2b3f307748d5123dffb72a1bbea/certifi-2024.7.4.tar.gz", hash = "sha256:5a1e7645bc0ec61a09e26c36f6106dd4cf40c6db3a1fb6352b0244e7fb057c7b", size = 164065, upload-time = "2024-07-04T01:36:11.653Z" }
wheels = [
    { url = "https://files.pythonhosted.org/packages/1c/d5/c84e1a17bf61d4df64ca866a1c9a913874b4e9bdc131ec689a0ad013fb36/certifi-2024.7.4-py3-none-any.whl", hash = "sha256:c198e21b1289c2ab85ee4e67bb4b4ef3ead0892059901a8d5b622f24a1101e90", size = 162960, upload-time = "2024-07-04T01:36:09.038Z" },
]

[[package]]
name = "cfgv"
version = "3.4.0"
source = { registry = "https://pypi.org/simple" }
sdist = { url = "https://files.pythonhosted.org/packages/11/74/539e56497d9bd1d484fd863dd69cbbfa653cd2aa27abfe35653494d85e94/cfgv-3.4.0.tar.gz", hash = "sha256:e52591d4c5f5dead8e0f673fb16db7949d2cfb3f7da4582893288f0ded8fe560", size = 7114, upload-time = "2023-08-12T20:38:17.776Z" }
wheels = [
    { url = "https://files.pythonhosted.org/packages/c5/55/51844dd50c4fc7a33b653bfaba4c2456f06955289ca770a5dbd5fd267374/cfgv-3.4.0-py2.py3-none-any.whl", hash = "sha256:b7265b1f29fd3316bfcd2b330d63d024f2bfd8bcb8b0272f8e19a504856c48f9", size = 7249, upload-time = "2023-08-12T20:38:16.269Z" },
]

[[package]]
name = "charset-normalizer"
version = "3.3.2"
source = { registry = "https://pypi.org/simple" }
sdist = { url = "https://files.pythonhosted.org/packages/63/09/c1bc53dab74b1816a00d8d030de5bf98f724c52c1635e07681d312f20be8/charset-normalizer-3.3.2.tar.gz", hash = "sha256:f30c3cb33b24454a82faecaf01b19c18562b1e89558fb6c56de4d9118a032fd5", size = 104809, upload-time = "2023-11-01T04:04:59.997Z" }
wheels = [
    { url = "https://files.pythonhosted.org/packages/68/77/02839016f6fbbf808e8b38601df6e0e66c17bbab76dff4613f7511413597/charset_normalizer-3.3.2-cp311-cp311-macosx_10_9_universal2.whl", hash = "sha256:802fe99cca7457642125a8a88a084cef28ff0cf9407060f7b93dca5aa25480db", size = 191647, upload-time = "2023-11-01T04:02:55.329Z" },
    { url = "https://files.pythonhosted.org/packages/3e/33/21a875a61057165e92227466e54ee076b73af1e21fe1b31f1e292251aa1e/charset_normalizer-3.3.2-cp311-cp311-macosx_10_9_x86_64.whl", hash = "sha256:573f6eac48f4769d667c4442081b1794f52919e7edada77495aaed9236d13a96", size = 121434, upload-time = "2023-11-01T04:02:57.173Z" },
    { url = "https://files.pythonhosted.org/packages/dd/51/68b61b90b24ca35495956b718f35a9756ef7d3dd4b3c1508056fa98d1a1b/charset_normalizer-3.3.2-cp311-cp311-macosx_11_0_arm64.whl", hash = "sha256:549a3a73da901d5bc3ce8d24e0600d1fa85524c10287f6004fbab87672bf3e1e", size = 118979, upload-time = "2023-11-01T04:02:58.442Z" },
    { url = "https://files.pythonhosted.org/packages/e4/a6/7ee57823d46331ddc37dd00749c95b0edec2c79b15fc0d6e6efb532e89ac/charset_normalizer-3.3.2-cp311-cp311-manylinux_2_17_aarch64.manylinux2014_aarch64.whl", hash = "sha256:f27273b60488abe721a075bcca6d7f3964f9f6f067c8c4c605743023d7d3944f", size = 136582, upload-time = "2023-11-01T04:02:59.776Z" },
    { url = "https://files.pythonhosted.org/packages/74/f1/0d9fe69ac441467b737ba7f48c68241487df2f4522dd7246d9426e7c690e/charset_normalizer-3.3.2-cp311-cp311-manylinux_2_17_ppc64le.manylinux2014_ppc64le.whl", hash = "sha256:1ceae2f17a9c33cb48e3263960dc5fc8005351ee19db217e9b1bb15d28c02574", size = 146645, upload-time = "2023-11-01T04:03:02.186Z" },
    { url = "https://files.pythonhosted.org/packages/05/31/e1f51c76db7be1d4aef220d29fbfa5dbb4a99165d9833dcbf166753b6dc0/charset_normalizer-3.3.2-cp311-cp311-manylinux_2_17_s390x.manylinux2014_s390x.whl", hash = "sha256:65f6f63034100ead094b8744b3b97965785388f308a64cf8d7c34f2f2e5be0c4", size = 139398, upload-time = "2023-11-01T04:03:04.255Z" },
    { url = "https://files.pythonhosted.org/packages/40/26/f35951c45070edc957ba40a5b1db3cf60a9dbb1b350c2d5bef03e01e61de/charset_normalizer-3.3.2-cp311-cp311-manylinux_2_17_x86_64.manylinux2014_x86_64.whl", hash = "sha256:753f10e867343b4511128c6ed8c82f7bec3bd026875576dfd88483c5c73b2fd8", size = 140273, upload-time = "2023-11-01T04:03:05.983Z" },
    { url = "https://files.pythonhosted.org/packages/07/07/7e554f2bbce3295e191f7e653ff15d55309a9ca40d0362fcdab36f01063c/charset_normalizer-3.3.2-cp311-cp311-manylinux_2_5_i686.manylinux1_i686.manylinux_2_17_i686.manylinux2014_i686.whl", hash = "sha256:4a78b2b446bd7c934f5dcedc588903fb2f5eec172f3d29e52a9096a43722adfc", size = 142577, upload-time = "2023-11-01T04:03:07.567Z" },
    { url = "https://files.pythonhosted.org/packages/d8/b5/eb705c313100defa57da79277d9207dc8d8e45931035862fa64b625bfead/charset_normalizer-3.3.2-cp311-cp311-musllinux_1_1_aarch64.whl", hash = "sha256:e537484df0d8f426ce2afb2d0f8e1c3d0b114b83f8850e5f2fbea0e797bd82ae", size = 137747, upload-time = "2023-11-01T04:03:08.886Z" },
    { url = "https://files.pythonhosted.org/packages/19/28/573147271fd041d351b438a5665be8223f1dd92f273713cb882ddafe214c/charset_normalizer-3.3.2-cp311-cp311-musllinux_1_1_i686.whl", hash = "sha256:eb6904c354526e758fda7167b33005998fb68c46fbc10e013ca97f21ca5c8887", size = 143375, upload-time = "2023-11-01T04:03:10.613Z" },
    { url = "https://files.pythonhosted.org/packages/cf/7c/f3b682fa053cc21373c9a839e6beba7705857075686a05c72e0f8c4980ca/charset_normalizer-3.3.2-cp311-cp311-musllinux_1_1_ppc64le.whl", hash = "sha256:deb6be0ac38ece9ba87dea880e438f25ca3eddfac8b002a2ec3d9183a454e8ae", size = 148474, upload-time = "2023-11-01T04:03:11.973Z" },
    { url = "https://files.pythonhosted.org/packages/1e/49/7ab74d4ac537ece3bc3334ee08645e231f39f7d6df6347b29a74b0537103/charset_normalizer-3.3.2-cp311-cp311-musllinux_1_1_s390x.whl", hash = "sha256:4ab2fe47fae9e0f9dee8c04187ce5d09f48eabe611be8259444906793ab7cbce", size = 140232, upload-time = "2023-11-01T04:03:13.505Z" },
    { url = "https://files.pythonhosted.org/packages/2d/dc/9dacba68c9ac0ae781d40e1a0c0058e26302ea0660e574ddf6797a0347f7/charset_normalizer-3.3.2-cp311-cp311-musllinux_1_1_x86_64.whl", hash = "sha256:80402cd6ee291dcb72644d6eac93785fe2c8b9cb30893c1af5b8fdd753b9d40f", size = 140859, upload-time = "2023-11-01T04:03:17.362Z" },
    { url = "https://files.pythonhosted.org/packages/6c/c2/4a583f800c0708dd22096298e49f887b49d9746d0e78bfc1d7e29816614c/charset_normalizer-3.3.2-cp311-cp311-win32.whl", hash = "sha256:7cd13a2e3ddeed6913a65e66e94b51d80a041145a026c27e6bb76c31a853c6ab", size = 92509, upload-time = "2023-11-01T04:03:21.453Z" },
    { url = "https://files.pythonhosted.org/packages/57/ec/80c8d48ac8b1741d5b963797b7c0c869335619e13d4744ca2f67fc11c6fc/charset_normalizer-3.3.2-cp311-cp311-win_amd64.whl", hash = "sha256:663946639d296df6a2bb2aa51b60a2454ca1cb29835324c640dafb5ff2131a77", size = 99870, upload-time = "2023-11-01T04:03:22.723Z" },
    { url = "https://files.pythonhosted.org/packages/d1/b2/fcedc8255ec42afee97f9e6f0145c734bbe104aac28300214593eb326f1d/charset_normalizer-3.3.2-cp312-cp312-macosx_10_9_universal2.whl", hash = "sha256:0b2b64d2bb6d3fb9112bafa732def486049e63de9618b5843bcdd081d8144cd8", size = 192892, upload-time = "2023-11-01T04:03:24.135Z" },
    { url = "https://files.pythonhosted.org/packages/2e/7d/2259318c202f3d17f3fe6438149b3b9e706d1070fe3fcbb28049730bb25c/charset_normalizer-3.3.2-cp312-cp312-macosx_10_9_x86_64.whl", hash = "sha256:ddbb2551d7e0102e7252db79ba445cdab71b26640817ab1e3e3648dad515003b", size = 122213, upload-time = "2023-11-01T04:03:25.66Z" },
    { url = "https://files.pythonhosted.org/packages/3a/52/9f9d17c3b54dc238de384c4cb5a2ef0e27985b42a0e5cc8e8a31d918d48d/charset_normalizer-3.3.2-cp312-cp312-macosx_11_0_arm64.whl", hash = "sha256:55086ee1064215781fff39a1af09518bc9255b50d6333f2e4c74ca09fac6a8f6", size = 119404, upload-time = "2023-11-01T04:03:27.04Z" },
    { url = "https://files.pythonhosted.org/packages/99/b0/9c365f6d79a9f0f3c379ddb40a256a67aa69c59609608fe7feb6235896e1/charset_normalizer-3.3.2-cp312-cp312-manylinux_2_17_aarch64.manylinux2014_aarch64.whl", hash = "sha256:8f4a014bc36d3c57402e2977dada34f9c12300af536839dc38c0beab8878f38a", size = 137275, upload-time = "2023-11-01T04:03:28.466Z" },
    { url = "https://files.pythonhosted.org/packages/91/33/749df346e93d7a30cdcb90cbfdd41a06026317bfbfb62cd68307c1a3c543/charset_normalizer-3.3.2-cp312-cp312-manylinux_2_17_ppc64le.manylinux2014_ppc64le.whl", hash = "sha256:a10af20b82360ab00827f916a6058451b723b4e65030c5a18577c8b2de5b3389", size = 147518, upload-time = "2023-11-01T04:03:29.82Z" },
    { url = "https://files.pythonhosted.org/packages/72/1a/641d5c9f59e6af4c7b53da463d07600a695b9824e20849cb6eea8a627761/charset_normalizer-3.3.2-cp312-cp312-manylinux_2_17_s390x.manylinux2014_s390x.whl", hash = "sha256:8d756e44e94489e49571086ef83b2bb8ce311e730092d2c34ca8f7d925cb20aa", size = 140182, upload-time = "2023-11-01T04:03:31.511Z" },
    { url = "https://files.pythonhosted.org/packages/ee/fb/14d30eb4956408ee3ae09ad34299131fb383c47df355ddb428a7331cfa1e/charset_normalizer-3.3.2-cp312-cp312-manylinux_2_17_x86_64.manylinux2014_x86_64.whl", hash = "sha256:90d558489962fd4918143277a773316e56c72da56ec7aa3dc3dbbe20fdfed15b", size = 141869, upload-time = "2023-11-01T04:03:32.887Z" },
    { url = "https://files.pythonhosted.org/packages/df/3e/a06b18788ca2eb6695c9b22325b6fde7dde0f1d1838b1792a0076f58fe9d/charset_normalizer-3.3.2-cp312-cp312-manylinux_2_5_i686.manylinux1_i686.manylinux_2_17_i686.manylinux2014_i686.whl", hash = "sha256:6ac7ffc7ad6d040517be39eb591cac5ff87416c2537df6ba3cba3bae290c0fed", size = 144042, upload-time = "2023-11-01T04:03:34.412Z" },
    { url = "https://files.pythonhosted.org/packages/45/59/3d27019d3b447a88fe7e7d004a1e04be220227760264cc41b405e863891b/charset_normalizer-3.3.2-cp312-cp312-musllinux_1_1_aarch64.whl", hash = "sha256:7ed9e526742851e8d5cc9e6cf41427dfc6068d4f5a3bb03659444b4cabf6bc26", size = 138275, upload-time = "2023-11-01T04:03:35.759Z" },
    { url = "https://files.pythonhosted.org/packages/7b/ef/5eb105530b4da8ae37d506ccfa25057961b7b63d581def6f99165ea89c7e/charset_normalizer-3.3.2-cp312-cp312-musllinux_1_1_i686.whl", hash = "sha256:8bdb58ff7ba23002a4c5808d608e4e6c687175724f54a5dade5fa8c67b604e4d", size = 144819, upload-time = "2023-11-01T04:03:37.216Z" },
    { url = "https://files.pythonhosted.org/packages/a2/51/e5023f937d7f307c948ed3e5c29c4b7a3e42ed2ee0b8cdf8f3a706089bf0/charset_normalizer-3.3.2-cp312-cp312-musllinux_1_1_ppc64le.whl", hash = "sha256:6b3251890fff30ee142c44144871185dbe13b11bab478a88887a639655be1068", size = 149415, upload-time = "2023-11-01T04:03:38.694Z" },
    { url = "https://files.pythonhosted.org/packages/24/9d/2e3ef673dfd5be0154b20363c5cdcc5606f35666544381bee15af3778239/charset_normalizer-3.3.2-cp312-cp312-musllinux_1_1_s390x.whl", hash = "sha256:b4a23f61ce87adf89be746c8a8974fe1c823c891d8f86eb218bb957c924bb143", size = 141212, upload-time = "2023-11-01T04:03:40.07Z" },
    { url = "https://files.pythonhosted.org/packages/5b/ae/ce2c12fcac59cb3860b2e2d76dc405253a4475436b1861d95fe75bdea520/charset_normalizer-3.3.2-cp312-cp312-musllinux_1_1_x86_64.whl", hash = "sha256:efcb3f6676480691518c177e3b465bcddf57cea040302f9f4e6e191af91174d4", size = 142167, upload-time = "2023-11-01T04:03:41.491Z" },
    { url = "https://files.pythonhosted.org/packages/ed/3a/a448bf035dce5da359daf9ae8a16b8a39623cc395a2ffb1620aa1bce62b0/charset_normalizer-3.3.2-cp312-cp312-win32.whl", hash = "sha256:d965bba47ddeec8cd560687584e88cf699fd28f192ceb452d1d7ee807c5597b7", size = 93041, upload-time = "2023-11-01T04:03:42.836Z" },
    { url = "https://files.pythonhosted.org/packages/b6/7c/8debebb4f90174074b827c63242c23851bdf00a532489fba57fef3416e40/charset_normalizer-3.3.2-cp312-cp312-win_amd64.whl", hash = "sha256:96b02a3dc4381e5494fad39be677abcb5e6634bf7b4fa83a6dd3112607547001", size = 100397, upload-time = "2023-11-01T04:03:44.467Z" },
    { url = "https://files.pythonhosted.org/packages/28/76/e6222113b83e3622caa4bb41032d0b1bf785250607392e1b778aca0b8a7d/charset_normalizer-3.3.2-py3-none-any.whl", hash = "sha256:3e4d1f6587322d2788836a99c69062fbb091331ec940e02d12d179c1d53e25fc", size = 48543, upload-time = "2023-11-01T04:04:58.622Z" },
]

[[package]]
name = "colorama"
version = "0.4.6"
source = { registry = "https://pypi.org/simple" }
sdist = { url = "https://files.pythonhosted.org/packages/d8/53/6f443c9a4a8358a93a6792e2acffb9d9d5cb0a5cfd8802644b7b1c9a02e4/colorama-0.4.6.tar.gz", hash = "sha256:08695f5cb7ed6e0531a20572697297273c47b8cae5a63ffc6d6ed5c201be6e44", size = 27697, upload-time = "2022-10-25T02:36:22.414Z" }
wheels = [
    { url = "https://files.pythonhosted.org/packages/d1/d6/3965ed04c63042e047cb6a3e6ed1a63a35087b6a609aa3a15ed8ac56c221/colorama-0.4.6-py2.py3-none-any.whl", hash = "sha256:4f1d9991f5acc0ca119f9d443620b77f9d6b33703e51011c16baf57afb285fc6", size = 25335, upload-time = "2022-10-25T02:36:20.889Z" },
]

[[package]]
name = "distlib"
version = "0.3.8"
source = { registry = "https://pypi.org/simple" }
sdist = { url = "https://files.pythonhosted.org/packages/c4/91/e2df406fb4efacdf46871c25cde65d3c6ee5e173b7e5a4547a47bae91920/distlib-0.3.8.tar.gz", hash = "sha256:1530ea13e350031b6312d8580ddb6b27a104275a31106523b8f123787f494f64", size = 609931, upload-time = "2023-12-12T07:14:03.091Z" }
wheels = [
    { url = "https://files.pythonhosted.org/packages/8e/41/9307e4f5f9976bc8b7fea0b66367734e8faf3ec84bc0d412d8cfabbb66cd/distlib-0.3.8-py2.py3-none-any.whl", hash = "sha256:034db59a0b96f8ca18035f36290806a9a6e6bd9d1ff91e45a7f172eb17e51784", size = 468850, upload-time = "2023-12-12T07:13:59.966Z" },
]

[[package]]
name = "filelock"
version = "3.15.4"
source = { registry = "https://pypi.org/simple" }
sdist = { url = "https://files.pythonhosted.org/packages/08/dd/49e06f09b6645156550fb9aee9cc1e59aba7efbc972d665a1bd6ae0435d4/filelock-3.15.4.tar.gz", hash = "sha256:2207938cbc1844345cb01a5a95524dae30f0ce089eba5b00378295a17e3e90cb", size = 18007, upload-time = "2024-06-22T15:59:14.749Z" }
wheels = [
    { url = "https://files.pythonhosted.org/packages/ae/f0/48285f0262fe47103a4a45972ed2f9b93e4c80b8fd609fa98da78b2a5706/filelock-3.15.4-py3-none-any.whl", hash = "sha256:6ca1fffae96225dab4c6eaf1c4f4f28cd2568d3ec2a44e15a08520504de468e7", size = 16159, upload-time = "2024-06-22T15:59:12.695Z" },
]

[[package]]
name = "identify"
version = "2.6.0"
source = { registry = "https://pypi.org/simple" }
sdist = { url = "https://files.pythonhosted.org/packages/32/f4/8e8f7db397a7ce20fbdeac5f25adaf567fc362472432938d25556008e03a/identify-2.6.0.tar.gz", hash = "sha256:cb171c685bdc31bcc4c1734698736a7d5b6c8bf2e0c15117f4d469c8640ae5cf", size = 99116, upload-time = "2024-07-07T23:54:16.9Z" }
wheels = [
    { url = "https://files.pythonhosted.org/packages/24/6c/a4f39abe7f19600b74528d0c717b52fff0b300bb0161081510d39c53cb00/identify-2.6.0-py2.py3-none-any.whl", hash = "sha256:e79ae4406387a9d300332b5fd366d8994f1525e8414984e1a59e058b2eda2dd0", size = 98962, upload-time = "2024-07-07T23:54:13.296Z" },
]

[[package]]
name = "idna"
version = "3.7"
source = { registry = "https://pypi.org/simple" }
sdist = { url = "https://files.pythonhosted.org/packages/21/ed/f86a79a07470cb07819390452f178b3bef1d375f2ec021ecfc709fc7cf07/idna-3.7.tar.gz", hash = "sha256:028ff3aadf0609c1fd278d8ea3089299412a7a8b9bd005dd08b9f8285bcb5cfc", size = 189575, upload-time = "2024-04-11T03:34:43.276Z" }
wheels = [
    { url = "https://files.pythonhosted.org/packages/e5/3e/741d8c82801c347547f8a2a06aa57dbb1992be9e948df2ea0eda2c8b79e8/idna-3.7-py3-none-any.whl", hash = "sha256:82fee1fc78add43492d3a1898bfa6d8a904cc97d8427f683ed8e798d07761aa0", size = 66836, upload-time = "2024-04-11T03:34:41.447Z" },
]

[[package]]
name = "iniconfig"
version = "2.0.0"
source = { registry = "https://pypi.org/simple" }
sdist = { url = "https://files.pythonhosted.org/packages/d7/4b/cbd8e699e64a6f16ca3a8220661b5f83792b3017d0f79807cb8708d33913/iniconfig-2.0.0.tar.gz", hash = "sha256:2d91e135bf72d31a410b17c16da610a82cb55f6b0477d1a902134b24a455b8b3", size = 4646, upload-time = "2023-01-07T11:08:11.254Z" }
wheels = [
    { url = "https://files.pythonhosted.org/packages/ef/a6/62565a6e1cf69e10f5727360368e451d4b7f58beeac6173dc9db836a5b46/iniconfig-2.0.0-py3-none-any.whl", hash = "sha256:b6a85871a79d2e3b22d2d1b94ac2824226a63c6b741c88f7ae975f18b6778374", size = 5892, upload-time = "2023-01-07T11:08:09.864Z" },
]

[[package]]
name = "mmh3"
version = "4.1.0"
source = { registry = "https://pypi.org/simple" }
sdist = { url = "https://files.pythonhosted.org/packages/63/96/aa247e82878b123468f0079ce2ac77e948315bab91ce45d2934a62e0af95/mmh3-4.1.0.tar.gz", hash = "sha256:a1cf25348b9acd229dda464a094d6170f47d2850a1fcb762a3b6172d2ce6ca4a", size = 26357, upload-time = "2024-01-09T06:46:04.536Z" }
wheels = [
    { url = "https://files.pythonhosted.org/packages/2e/d6/86beea107e7e9700df9522466346c23a2f54faa81337c86fd17002aa95a6/mmh3-4.1.0-cp311-cp311-macosx_10_9_universal2.whl", hash = "sha256:3280a463855b0eae64b681cd5b9ddd9464b73f81151e87bb7c91a811d25619e6", size = 39427, upload-time = "2024-01-09T06:44:45.686Z" },
    { url = "https://files.pythonhosted.org/packages/1c/08/65fa5489044e2afc304e8540c6c607d5d7b136ddc5cd8315c13de0adc34c/mmh3-4.1.0-cp311-cp311-macosx_10_9_x86_64.whl", hash = "sha256:97ac57c6c3301769e757d444fa7c973ceb002cb66534b39cbab5e38de61cd896", size = 29281, upload-time = "2024-01-09T06:44:46.554Z" },
    { url = "https://files.pythonhosted.org/packages/b3/aa/98511d3ea3f6ba958136d913be3be3c1009be935a20ecc7b2763f0a605b6/mmh3-4.1.0-cp311-cp311-macosx_11_0_arm64.whl", hash = "sha256:a7b6502cdb4dbd880244818ab363c8770a48cdccecf6d729ade0241b736b5ec0", size = 30130, upload-time = "2024-01-09T06:44:47.463Z" },
    { url = "https://files.pythonhosted.org/packages/3c/b7/1a93f81643435b0e57f1046c4ffe46f0214693eaede0d9b0a1a236776e70/mmh3-4.1.0-cp311-cp311-manylinux_2_17_aarch64.manylinux2014_aarch64.whl", hash = "sha256:52ba2da04671a9621580ddabf72f06f0e72c1c9c3b7b608849b58b11080d8f14", size = 69072, upload-time = "2024-01-09T06:44:48.385Z" },
    { url = "https://files.pythonhosted.org/packages/45/9e/2ff70246aefd9cf146bc6a420c28ed475a0d1a325f31ee203be02f9215d4/mmh3-4.1.0-cp311-cp311-manylinux_2_17_ppc64le.manylinux2014_ppc64le.whl", hash = "sha256:5a5fef4c4ecc782e6e43fbeab09cff1bac82c998a1773d3a5ee6a3605cde343e", size = 72470, upload-time = "2024-01-09T06:44:49.291Z" },
    { url = "https://files.pythonhosted.org/packages/dc/cb/57bc1fdbdbe6837aebfca982494e23e2498ee2a89585c9054713b22e4167/mmh3-4.1.0-cp311-cp311-manylinux_2_17_s390x.manylinux2014_s390x.whl", hash = "sha256:5135358a7e00991f73b88cdc8eda5203bf9de22120d10a834c5761dbeb07dd13", size = 71251, upload-time = "2024-01-09T06:44:50.839Z" },
    { url = "https://files.pythonhosted.org/packages/4d/c2/46d7d2721b69fbdfd30231309e6395f62ff6744e5c00dd8113b9faa06fba/mmh3-4.1.0-cp311-cp311-manylinux_2_5_i686.manylinux1_i686.manylinux_2_17_i686.manylinux2014_i686.whl", hash = "sha256:cff9ae76a54f7c6fe0167c9c4028c12c1f6de52d68a31d11b6790bb2ae685560", size = 66035, upload-time = "2024-01-09T06:44:52.407Z" },
    { url = "https://files.pythonhosted.org/packages/6f/a4/7ba4bcc838818bcf018e26d118d5ddb605c23c4fad040dc4d811f1cfcb04/mmh3-4.1.0-cp311-cp311-manylinux_2_5_x86_64.manylinux1_x86_64.manylinux_2_17_x86_64.manylinux2014_x86_64.whl", hash = "sha256:f6f02576a4d106d7830ca90278868bf0983554dd69183b7bbe09f2fcd51cf54f", size = 67844, upload-time = "2024-01-09T06:44:53.566Z" },
    { url = "https://files.pythonhosted.org/packages/71/ed/8e80d1038e7bb15eaf739711d1fc36f2341acb6b1b95fa77003f2799c91e/mmh3-4.1.0-cp311-cp311-musllinux_1_1_aarch64.whl", hash = "sha256:073d57425a23721730d3ff5485e2da489dd3c90b04e86243dd7211f889898106", size = 76724, upload-time = "2024-01-09T06:44:54.51Z" },
    { url = "https://files.pythonhosted.org/packages/1c/22/a6a70ca81f0ce8fe2f3a68d89c1184c2d2d0fbe0ee305da50e972c5ff9fa/mmh3-4.1.0-cp311-cp311-musllinux_1_1_i686.whl", hash = "sha256:71e32ddec7f573a1a0feb8d2cf2af474c50ec21e7a8263026e8d3b4b629805db", size = 75004, upload-time = "2024-01-09T06:44:55.517Z" },
    { url = "https://files.pythonhosted.org/packages/73/20/abe50b605760f1f5b6e0b436c650649e69ca478d0f41b154f300367c09e4/mmh3-4.1.0-cp311-cp311-musllinux_1_1_ppc64le.whl", hash = "sha256:7cbb20b29d57e76a58b40fd8b13a9130db495a12d678d651b459bf61c0714cea", size = 82230, upload-time = "2024-01-09T06:44:56.538Z" },
    { url = "https://files.pythonhosted.org/packages/45/80/a1fc99d3ee50b573df0bfbb1ad518463af78d2ebca44bfca3b3f9473d651/mmh3-4.1.0-cp311-cp311-musllinux_1_1_s390x.whl", hash = "sha256:a42ad267e131d7847076bb7e31050f6c4378cd38e8f1bf7a0edd32f30224d5c9", size = 78679, upload-time = "2024-01-09T06:44:57.477Z" },
    { url = "https://files.pythonhosted.org/packages/9e/51/6c9ee2ddf3b386f45ff83b6926a5e826635757d91dab04cbf16eee05f9a7/mmh3-4.1.0-cp311-cp311-musllinux_1_1_x86_64.whl", hash = "sha256:4a013979fc9390abadc445ea2527426a0e7a4495c19b74589204f9b71bcaafeb", size = 77382, upload-time = "2024-01-09T06:44:59.02Z" },
    { url = "https://files.pythonhosted.org/packages/ee/fa/4b377f244c27fac5f0343cc4dc0d2eb0a08049afc8d5322d07be7461a768/mmh3-4.1.0-cp311-cp311-win32.whl", hash = "sha256:1d3b1cdad7c71b7b88966301789a478af142bddcb3a2bee563f7a7d40519a00f", size = 31232, upload-time = "2024-01-09T06:45:01.285Z" },
    { url = "https://files.pythonhosted.org/packages/d1/b0/500ef56c29b276d796bfdb47c16d34fa18a68945e4d730a6fa7d483583ed/mmh3-4.1.0-cp311-cp311-win_amd64.whl", hash = "sha256:0dc6dc32eb03727467da8e17deffe004fbb65e8b5ee2b502d36250d7a3f4e2ec", size = 31276, upload-time = "2024-01-09T06:45:03.417Z" },
    { url = "https://files.pythonhosted.org/packages/cc/84/94795e6e710c3861f8f355a12be9c9f4b8433a538c983e75bd4c00496a8a/mmh3-4.1.0-cp311-cp311-win_arm64.whl", hash = "sha256:9ae3a5c1b32dda121c7dc26f9597ef7b01b4c56a98319a7fe86c35b8bc459ae6", size = 30142, upload-time = "2024-01-09T06:45:05.347Z" },
    { url = "https://files.pythonhosted.org/packages/18/45/b4d41e86b00eed8c500adbe0007129861710e181c7f49c507ef6beae9496/mmh3-4.1.0-cp312-cp312-macosx_10_9_universal2.whl", hash = "sha256:0033d60c7939168ef65ddc396611077a7268bde024f2c23bdc283a19123f9e9c", size = 39495, upload-time = "2024-01-09T06:45:07.01Z" },
    { url = "https://files.pythonhosted.org/packages/a6/d4/f041b8704cb8d1aad3717105daa582e29818b78a540622dfed84cd00d88f/mmh3-4.1.0-cp312-cp312-macosx_10_9_x86_64.whl", hash = "sha256:d6af3e2287644b2b08b5924ed3a88c97b87b44ad08e79ca9f93d3470a54a41c5", size = 29334, upload-time = "2024-01-09T06:45:08.022Z" },
    { url = "https://files.pythonhosted.org/packages/cb/bb/8f75378e1a83b323f9ed06248333c383e7dac614c2f95e1419965cb91693/mmh3-4.1.0-cp312-cp312-macosx_11_0_arm64.whl", hash = "sha256:d82eb4defa245e02bb0b0dc4f1e7ee284f8d212633389c91f7fba99ba993f0a2", size = 30144, upload-time = "2024-01-09T06:45:09.437Z" },
    { url = "https://files.pythonhosted.org/packages/3e/50/5e36c1945bd83e780a37361fc1999fc4c5a59ecc10a373557fdf0e58eb1f/mmh3-4.1.0-cp312-cp312-manylinux_2_17_aarch64.manylinux2014_aarch64.whl", hash = "sha256:ba245e94b8d54765e14c2d7b6214e832557e7856d5183bc522e17884cab2f45d", size = 69094, upload-time = "2024-01-09T06:45:10.531Z" },
    { url = "https://files.pythonhosted.org/packages/70/c7/6ae37e7519a938226469476b84bcea2650e2a2cc7a848e6a206ea98ecee3/mmh3-4.1.0-cp312-cp312-manylinux_2_17_ppc64le.manylinux2014_ppc64le.whl", hash = "sha256:bb04e2feeabaad6231e89cd43b3d01a4403579aa792c9ab6fdeef45cc58d4ec0", size = 72611, upload-time = "2024-01-09T06:45:12.27Z" },
    { url = "https://files.pythonhosted.org/packages/5e/47/6613f69f57f1e5045e66b22fae9c2fb39ef754c455805d3917f6073e316e/mmh3-4.1.0-cp312-cp312-manylinux_2_17_s390x.manylinux2014_s390x.whl", hash = "sha256:1e3b1a27def545ce11e36158ba5d5390cdbc300cfe456a942cc89d649cf7e3b2", size = 71462, upload-time = "2024-01-09T06:45:13.274Z" },
    { url = "https://files.pythonhosted.org/packages/e0/0a/e423db18ce7b479c4b96381a112b443f0985c611de420f95c58a9f934080/mmh3-4.1.0-cp312-cp312-manylinux_2_5_i686.manylinux1_i686.manylinux_2_17_i686.manylinux2014_i686.whl", hash = "sha256:ce0ab79ff736d7044e5e9b3bfe73958a55f79a4ae672e6213e92492ad5e734d5", size = 66165, upload-time = "2024-01-09T06:45:15.003Z" },
    { url = "https://files.pythonhosted.org/packages/4c/7b/bfeb68bee5bddc8baf7ef630b93edc0a533202d84eb076dbb6c77e7e5fd5/mmh3-4.1.0-cp312-cp312-manylinux_2_5_x86_64.manylinux1_x86_64.manylinux_2_17_x86_64.manylinux2014_x86_64.whl", hash = "sha256:3b02268be6e0a8eeb8a924d7db85f28e47344f35c438c1e149878bb1c47b1cd3", size = 68088, upload-time = "2024-01-09T06:45:16.192Z" },
    { url = "https://files.pythonhosted.org/packages/d4/a6/b82e30143997c05776887f5177f724e3b714aa7e7346fbe2ec70f52abcd0/mmh3-4.1.0-cp312-cp312-musllinux_1_1_aarch64.whl", hash = "sha256:deb887f5fcdaf57cf646b1e062d56b06ef2f23421c80885fce18b37143cba828", size = 76241, upload-time = "2024-01-09T06:45:17.191Z" },
    { url = "https://files.pythonhosted.org/packages/6c/60/a3d5872cf7610fcb13e36c472476020c5cf217b23c092bad452eb7784407/mmh3-4.1.0-cp312-cp312-musllinux_1_1_i686.whl", hash = "sha256:99dd564e9e2b512eb117bd0cbf0f79a50c45d961c2a02402787d581cec5448d5", size = 74538, upload-time = "2024-01-09T06:45:18.999Z" },
    { url = "https://files.pythonhosted.org/packages/f6/d5/742173a94c78f4edab71c04097f6f9150c47f8fd034d592f5f34a9444719/mmh3-4.1.0-cp312-cp312-musllinux_1_1_ppc64le.whl", hash = "sha256:08373082dfaa38fe97aa78753d1efd21a1969e51079056ff552e687764eafdfe", size = 81793, upload-time = "2024-01-09T06:45:20.534Z" },
    { url = "https://files.pythonhosted.org/packages/d0/7a/a1db0efe7c67b761d83be3d50e35ef26628ef56b3b8bc776d07412ee8b16/mmh3-4.1.0-cp312-cp312-musllinux_1_1_s390x.whl", hash = "sha256:54b9c6a2ea571b714e4fe28d3e4e2db37abfd03c787a58074ea21ee9a8fd1740", size = 78217, upload-time = "2024-01-09T06:45:21.761Z" },
    { url = "https://files.pythonhosted.org/packages/b3/78/1ff8da7c859cd09704e2f500588d171eda9688fcf6f29e028ef261262a16/mmh3-4.1.0-cp312-cp312-musllinux_1_1_x86_64.whl", hash = "sha256:a7b1edf24c69e3513f879722b97ca85e52f9032f24a52284746877f6a7304086", size = 77052, upload-time = "2024-01-09T06:45:22.824Z" },
    { url = "https://files.pythonhosted.org/packages/ed/c7/cf16ace81fc9fbe54a75c914306252af26c6ea485366bb3b579bf6e3dbb8/mmh3-4.1.0-cp312-cp312-win32.whl", hash = "sha256:411da64b951f635e1e2284b71d81a5a83580cea24994b328f8910d40bed67276", size = 31277, upload-time = "2024-01-09T06:45:24.009Z" },
    { url = "https://files.pythonhosted.org/packages/d2/0b/b3b1637dca9414451edf287fd91e667e7231d5ffd7498137fe011951fc0a/mmh3-4.1.0-cp312-cp312-win_amd64.whl", hash = "sha256:bebc3ecb6ba18292e3d40c8712482b4477abd6981c2ebf0e60869bd90f8ac3a9", size = 31318, upload-time = "2024-01-09T06:45:25.169Z" },
    { url = "https://files.pythonhosted.org/packages/dd/6c/c0f06040c58112ccbd0df989055ede98f7c1a1f392dc6a3fc63ec6c124ec/mmh3-4.1.0-cp312-cp312-win_arm64.whl", hash = "sha256:168473dd608ade6a8d2ba069600b35199a9af837d96177d3088ca91f2b3798e3", size = 30147, upload-time = "2024-01-09T06:45:26.214Z" },
]

[[package]]
name = "nodeenv"
version = "1.9.1"
source = { registry = "https://pypi.org/simple" }
sdist = { url = "https://files.pythonhosted.org/packages/43/16/fc88b08840de0e0a72a2f9d8c6bae36be573e475a6326ae854bcc549fc45/nodeenv-1.9.1.tar.gz", hash = "sha256:6ec12890a2dab7946721edbfbcd91f3319c6ccc9aec47be7c7e6b7011ee6645f", size = 47437, upload-time = "2024-06-04T18:44:11.171Z" }
wheels = [
    { url = "https://files.pythonhosted.org/packages/d2/1d/1b658dbd2b9fa9c4c9f32accbfc0205d532c8c6194dc0f2a4c0428e7128a/nodeenv-1.9.1-py2.py3-none-any.whl", hash = "sha256:ba11c9782d29c27c70ffbdda2d7415098754709be8a7056d79a737cd901155c9", size = 22314, upload-time = "2024-06-04T18:44:08.352Z" },
]

[[package]]
name = "packaging"
version = "24.1"
source = { registry = "https://pypi.org/simple" }
sdist = { url = "https://files.pythonhosted.org/packages/51/65/50db4dda066951078f0a96cf12f4b9ada6e4b811516bf0262c0f4f7064d4/packaging-24.1.tar.gz", hash = "sha256:026ed72c8ed3fcce5bf8950572258698927fd1dbda10a5e981cdf0ac37f4f002", size = 148788, upload-time = "2024-06-09T23:19:24.956Z" }
wheels = [
    { url = "https://files.pythonhosted.org/packages/08/aa/cc0199a5f0ad350994d660967a8efb233fe0416e4639146c089643407ce6/packaging-24.1-py3-none-any.whl", hash = "sha256:5b8f2217dbdbd2f7f384c41c628544e6d52f2d0f53c6d0c3ea61aa5d1d7ff124", size = 53985, upload-time = "2024-06-09T23:19:21.909Z" },
]

[[package]]
name = "platformdirs"
version = "4.2.2"
source = { registry = "https://pypi.org/simple" }
sdist = { url = "https://files.pythonhosted.org/packages/f5/52/0763d1d976d5c262df53ddda8d8d4719eedf9594d046f117c25a27261a19/platformdirs-4.2.2.tar.gz", hash = "sha256:38b7b51f512eed9e84a22788b4bce1de17c0adb134d6becb09836e37d8654cd3", size = 20916, upload-time = "2024-05-15T03:18:23.372Z" }
wheels = [
    { url = "https://files.pythonhosted.org/packages/68/13/2aa1f0e1364feb2c9ef45302f387ac0bd81484e9c9a4c5688a322fbdfd08/platformdirs-4.2.2-py3-none-any.whl", hash = "sha256:2d7a1657e36a80ea911db832a8a6ece5ee53d8de21edd5cc5879af6530b1bfee", size = 18146, upload-time = "2024-05-15T03:18:21.209Z" },
]

[[package]]
name = "pluggy"
version = "1.5.0"
source = { registry = "https://pypi.org/simple" }
sdist = { url = "https://files.pythonhosted.org/packages/96/2d/02d4312c973c6050a18b314a5ad0b3210edb65a906f868e31c111dede4a6/pluggy-1.5.0.tar.gz", hash = "sha256:2cffa88e94fdc978c4c574f15f9e59b7f4201d439195c3715ca9e2486f1d0cf1", size = 67955, upload-time = "2024-04-20T21:34:42.531Z" }
wheels = [
    { url = "https://files.pythonhosted.org/packages/88/5f/e351af9a41f866ac3f1fac4ca0613908d9a41741cfcf2228f4ad853b697d/pluggy-1.5.0-py3-none-any.whl", hash = "sha256:44e1ad92c8ca002de6377e165f3e0f1be63266ab4d554740532335b9d75ea669", size = 20556, upload-time = "2024-04-20T21:34:40.434Z" },
]

[[package]]
name = "pre-commit"
version = "3.7.1"
source = { registry = "https://pypi.org/simple" }
dependencies = [
    { name = "cfgv" },
    { name = "identify" },
    { name = "nodeenv" },
    { name = "pyyaml" },
    { name = "virtualenv" },
]
sdist = { url = "https://files.pythonhosted.org/packages/aa/46/cc214ef6514270328910083d0119d0a80a6d2c4ec8c6608c0219db0b74cf/pre_commit-3.7.1.tar.gz", hash = "sha256:8ca3ad567bc78a4972a3f1a477e94a79d4597e8140a6e0b651c5e33899c3654a", size = 177317, upload-time = "2024-05-11T01:25:19.473Z" }
wheels = [
    { url = "https://files.pythonhosted.org/packages/b9/0f/d6d0b4e2f5b2933a557087fc0560371aa545a18232d4d3427eb3bb3af12e/pre_commit-3.7.1-py2.py3-none-any.whl", hash = "sha256:fae36fd1d7ad7d6a5a1c0b0d5adb2ed1a3bda5a21bf6c3e5372073d7a11cd4c5", size = 204268, upload-time = "2024-05-11T01:25:16.845Z" },
]

[[package]]
name = "pytest"
version = "8.2.2"
source = { registry = "https://pypi.org/simple" }
dependencies = [
    { name = "colorama", marker = "sys_platform == 'win32'" },
    { name = "iniconfig" },
    { name = "packaging" },
    { name = "pluggy" },
]
sdist = { url = "https://files.pythonhosted.org/packages/a6/58/e993ca5357553c966b9e73cb3475d9c935fe9488746e13ebdf9b80fae508/pytest-8.2.2.tar.gz", hash = "sha256:de4bb8104e201939ccdc688b27a89a7be2079b22e2bd2b07f806b6ba71117977", size = 1427980, upload-time = "2024-06-04T13:38:09.274Z" }
wheels = [
    { url = "https://files.pythonhosted.org/packages/4e/e7/81ebdd666d3bff6670d27349b5053605d83d55548e6bd5711f3b0ae7dd23/pytest-8.2.2-py3-none-any.whl", hash = "sha256:c434598117762e2bd304e526244f67bf66bbd7b5d6cf22138be51ff661980343", size = 339873, upload-time = "2024-06-04T13:38:05.285Z" },
]

[[package]]
name = "pyyaml"
version = "6.0.1"
source = { registry = "https://pypi.org/simple" }
sdist = { url = "https://files.pythonhosted.org/packages/cd/e5/af35f7ea75cf72f2cd079c95ee16797de7cd71f29ea7c68ae5ce7be1eda0/PyYAML-6.0.1.tar.gz", hash = "sha256:bfdf460b1736c775f2ba9f6a92bca30bc2095067b8a9d77876d1fad6cc3b4a43", size = 125201, upload-time = "2023-07-18T00:00:23.308Z" }
wheels = [
    { url = "https://files.pythonhosted.org/packages/ec/0d/26fb23e8863e0aeaac0c64e03fd27367ad2ae3f3cccf3798ee98ce160368/PyYAML-6.0.1-cp311-cp311-macosx_10_9_x86_64.whl", hash = "sha256:6965a7bc3cf88e5a1c3bd2e0b5c22f8d677dc88a455344035f03399034eb3007", size = 187867, upload-time = "2023-07-17T23:57:34.35Z" },
    { url = "https://files.pythonhosted.org/packages/28/09/55f715ddbf95a054b764b547f617e22f1d5e45d83905660e9a088078fe67/PyYAML-6.0.1-cp311-cp311-macosx_11_0_arm64.whl", hash = "sha256:f003ed9ad21d6a4713f0a9b5a7a0a79e08dd0f221aff4525a2be4c346ee60aab", size = 167530, upload-time = "2023-07-17T23:57:36.975Z" },
    { url = "https://files.pythonhosted.org/packages/5e/94/7d5ee059dfb92ca9e62f4057dcdec9ac08a9e42679644854dc01177f8145/PyYAML-6.0.1-cp311-cp311-manylinux_2_17_aarch64.manylinux2014_aarch64.whl", hash = "sha256:42f8152b8dbc4fe7d96729ec2b99c7097d656dc1213a3229ca5383f973a5ed6d", size = 732244, upload-time = "2023-07-17T23:57:43.774Z" },
    { url = "https://files.pythonhosted.org/packages/06/92/e0224aa6ebf9dc54a06a4609da37da40bb08d126f5535d81bff6b417b2ae/PyYAML-6.0.1-cp311-cp311-manylinux_2_17_s390x.manylinux2014_s390x.whl", hash = "sha256:062582fca9fabdd2c8b54a3ef1c978d786e0f6b3a1510e0ac93ef59e0ddae2bc", size = 752871, upload-time = "2023-07-17T23:57:51.921Z" },
    { url = "https://files.pythonhosted.org/packages/7b/5e/efd033ab7199a0b2044dab3b9f7a4f6670e6a52c089de572e928d2873b06/PyYAML-6.0.1-cp311-cp311-manylinux_2_17_x86_64.manylinux2014_x86_64.whl", hash = "sha256:d2b04aac4d386b172d5b9692e2d2da8de7bfb6c387fa4f801fbf6fb2e6ba4673", size = 757729, upload-time = "2023-07-17T23:57:59.865Z" },
    { url = "https://files.pythonhosted.org/packages/03/5c/c4671451b2f1d76ebe352c0945d4cd13500adb5d05f5a51ee296d80152f7/PyYAML-6.0.1-cp311-cp311-musllinux_1_1_x86_64.whl", hash = "sha256:e7d73685e87afe9f3b36c799222440d6cf362062f78be1013661b00c5c6f678b", size = 748528, upload-time = "2023-08-28T18:43:23.207Z" },
    { url = "https://files.pythonhosted.org/packages/73/9c/766e78d1efc0d1fca637a6b62cea1b4510a7fb93617eb805223294fef681/PyYAML-6.0.1-cp311-cp311-win32.whl", hash = "sha256:1635fd110e8d85d55237ab316b5b011de701ea0f29d07611174a1b42f1444741", size = 130286, upload-time = "2023-07-17T23:58:02.964Z" },
    { url = "https://files.pythonhosted.org/packages/b3/34/65bb4b2d7908044963ebf614fe0fdb080773fc7030d7e39c8d3eddcd4257/PyYAML-6.0.1-cp311-cp311-win_amd64.whl", hash = "sha256:bf07ee2fef7014951eeb99f56f39c9bb4af143d8aa3c21b1677805985307da34", size = 144699, upload-time = "2023-07-17T23:58:05.586Z" },
    { url = "https://files.pythonhosted.org/packages/bc/06/1b305bf6aa704343be85444c9d011f626c763abb40c0edc1cad13bfd7f86/PyYAML-6.0.1-cp312-cp312-macosx_10_9_x86_64.whl", hash = "sha256:855fb52b0dc35af121542a76b9a84f8d1cd886ea97c84703eaa6d88e37a2ad28", size = 178692, upload-time = "2023-08-28T18:43:24.924Z" },
    { url = "https://files.pythonhosted.org/packages/84/02/404de95ced348b73dd84f70e15a41843d817ff8c1744516bf78358f2ffd2/PyYAML-6.0.1-cp312-cp312-macosx_11_0_arm64.whl", hash = "sha256:40df9b996c2b73138957fe23a16a4f0ba614f4c0efce1e9406a184b6d07fa3a9", size = 165622, upload-time = "2023-08-28T18:43:26.54Z" },
    { url = "https://files.pythonhosted.org/packages/c7/4c/4a2908632fc980da6d918b9de9c1d9d7d7e70b2672b1ad5166ed27841ef7/PyYAML-6.0.1-cp312-cp312-manylinux_2_17_aarch64.manylinux2014_aarch64.whl", hash = "sha256:a08c6f0fe150303c1c6b71ebcd7213c2858041a7e01975da3a99aed1e7a378ef", size = 696937, upload-time = "2024-01-18T20:40:22.92Z" },
    { url = "https://files.pythonhosted.org/packages/b4/33/720548182ffa8344418126017aa1d4ab4aeec9a2275f04ce3f3573d8ace8/PyYAML-6.0.1-cp312-cp312-manylinux_2_17_x86_64.manylinux2014_x86_64.whl", hash = "sha256:6c22bec3fbe2524cde73d7ada88f6566758a8f7227bfbf93a408a9d86bcc12a0", size = 724969, upload-time = "2023-08-28T18:43:28.56Z" },
    { url = "https://files.pythonhosted.org/packages/4f/78/77b40157b6cb5f2d3d31a3d9b2efd1ba3505371f76730d267e8b32cf4b7f/PyYAML-6.0.1-cp312-cp312-musllinux_1_1_x86_64.whl", hash = "sha256:8d4e9c88387b0f5c7d5f281e55304de64cf7f9c0021a3525bd3b1c542da3b0e4", size = 712604, upload-time = "2023-08-28T18:43:30.206Z" },
    { url = "https://files.pythonhosted.org/packages/2e/97/3e0e089ee85e840f4b15bfa00e4e63d84a3691ababbfea92d6f820ea6f21/PyYAML-6.0.1-cp312-cp312-win32.whl", hash = "sha256:d483d2cdf104e7c9fa60c544d92981f12ad66a457afae824d146093b8c294c54", size = 126098, upload-time = "2023-08-28T18:43:31.835Z" },
    { url = "https://files.pythonhosted.org/packages/2b/9f/fbade56564ad486809c27b322d0f7e6a89c01f6b4fe208402e90d4443a99/PyYAML-6.0.1-cp312-cp312-win_amd64.whl", hash = "sha256:0d3304d8c0adc42be59c5f8a4d9e3d7379e6955ad754aa9d6ab7a398b59dd1df", size = 138675, upload-time = "2023-08-28T18:43:33.613Z" },
]

[[package]]
name = "requests"
version = "2.34.2"
source = { registry = "https://pypi.org/simple" }
dependencies = [
    { name = "certifi" },
    { name = "charset-normalizer" },
    { name = "idna" },
    { name = "urllib3" },
]
sdist = { url = "https://files.pythonhosted.org/packages/ac/c3/e2a2b89f2d3e2179abd6d00ebd70bff6273f37fb3e0cc209f48b39d00cbf/requests-2.34.2.tar.gz", hash = "sha256:f288924cae4e29463698d6d60bc6a4da69c89185ad1e0bcc4104f584e960b9ed", size = 142856, upload-time = "2026-05-14T19:25:27.735Z" }
wheels = [
    { url = "https://files.pythonhosted.org/packages/a0/f4/c67b0b3f1b9245e8d266f0f112c500d50e5b4e83cb6f3b71b6528104182a/requests-2.34.2-py3-none-any.whl", hash = "sha256:2a0d60c172f83ac6ab31e4554906c0f3b3588d37b5cb939b1c061f4907e278e0", size = 73075, upload-time = "2026-05-14T19:25:26.443Z" },
]

[[package]]
name = "responses"
version = "0.25.3"
source = { registry = "https://pypi.org/simple" }
dependencies = [
    { name = "pyyaml" },
    { name = "requests" },
    { name = "urllib3" },
]
sdist = { url = "https://files.pythonhosted.org/packages/67/24/1d67c8974daa502e860b4a5b57ad6de0d7dbc0b1160ef7148189a24a40e1/responses-0.25.3.tar.gz", hash = "sha256:617b9247abd9ae28313d57a75880422d55ec63c29d33d629697590a034358dba", size = 77798, upload-time = "2024-06-14T16:32:58.41Z" }
wheels = [
    { url = "https://files.pythonhosted.org/packages/12/24/93293d0be0db9da1ed8dfc5e6af700fdd40e8f10a928704dd179db9f03c1/responses-0.25.3-py3-none-any.whl", hash = "sha256:521efcbc82081ab8daa588e08f7e8a64ce79b91c39f6e62199b19159bea7dbcb", size = 55238, upload-time = "2024-06-14T16:32:55.758Z" },
]

[[package]]
name = "signed-id"
version = "0.1.0"
source = { registry = "https://pypi.org/simple" }
sdist = { url = "https://files.pythonhosted.org/packages/49/38/b88a68a72e676eec074808d4c746e79da285ed384f399c85aa1e9be38406/signed_id-0.1.0.tar.gz", hash = "sha256:4fd2d2da901fc3c3d4312957fb050a037ea85f89549f6c92d3b4c1bee44d3ca9", size = 4076, upload-time = "2025-10-09T17:51:08.207Z" }
wheels = [
    { url = "https://files.pythonhosted.org/packages/ca/a9/60e8813633834135d603c219ed826d1d89c51bd13edb3cd9b1401a8b39de/signed_id-0.1.0-py3-none-any.whl", hash = "sha256:d3dfd6fdc123b96b5e7208fa6d4dafe5132647068f870883c52cadf10bf4ea0d", size = 5160, upload-time = "2025-10-09T17:51:07.507Z" },
]

[[package]]
name = "types-requests"
version = "2.32.0.20240712"
source = { registry = "https://pypi.org/simple" }
dependencies = [
    { name = "urllib3" },
]
sdist = { url = "https://files.pythonhosted.org/packages/5e/9e/7663eb27c33568b8fc20ccdaf2a1ce53a9530c42a7cceb9f552a6ff4a1d8/types-requests-2.32.0.20240712.tar.gz", hash = "sha256:90c079ff05e549f6bf50e02e910210b98b8ff1ebdd18e19c873cd237737c1358", size = 17896, upload-time = "2024-07-12T02:27:34.065Z" }
wheels = [
    { url = "https://files.pythonhosted.org/packages/30/4d/cbed87a6912fbd9259ce23a5d4aa1de9816edf75eec6ed9a757c00906c8e/types_requests-2.32.0.20240712-py3-none-any.whl", hash = "sha256:f754283e152c752e46e70942fa2a146b5bc70393522257bb85bd1ef7e019dcc3", size = 15816, upload-time = "2024-07-12T02:27:32.392Z" },
]

[[package]]
name = "urllib3"
version = "2.2.2"
source = { registry = "https://pypi.org/simple" }
sdist = { url = "https://files.pythonhosted.org/packages/43/6d/fa469ae21497ddc8bc93e5877702dca7cb8f911e337aca7452b5724f1bb6/urllib3-2.2.2.tar.gz", hash = "sha256:dd505485549a7a552833da5e6063639d0d177c04f23bc3864e41e5dc5f612168", size = 292266, upload-time = "2024-06-17T13:40:11.401Z" }
wheels = [
    { url = "https://files.pythonhosted.org/packages/ca/1c/89ffc63a9605b583d5df2be791a27bc1a42b7c32bab68d3c8f2f73a98cd4/urllib3-2.2.2-py3-none-any.whl", hash = "sha256:a448b2f64d686155468037e1ace9f2d2199776e17f0a46610480d311f73e3472", size = 121444, upload-time = "2024-06-17T13:40:07.795Z" },
]

[[package]]
name = "virtualenv"
version = "20.26.3"
source = { registry = "https://pypi.org/simple" }
dependencies = [
    { name = "distlib" },
    { name = "filelock" },
    { name = "platformdirs" },
]
sdist = { url = "https://files.pythonhosted.org/packages/68/60/db9f95e6ad456f1872486769c55628c7901fb4de5a72c2f7bdd912abf0c1/virtualenv-20.26.3.tar.gz", hash = "sha256:4c43a2a236279d9ea36a0d76f98d84bd6ca94ac4e0f4a3b9d46d05e10fea542a", size = 9057588, upload-time = "2024-06-22T01:57:47.963Z" }
wheels = [
    { url = "https://files.pythonhosted.org/packages/07/4d/410156100224c5e2f0011d435e477b57aed9576fc7fe137abcf14ec16e11/virtualenv-20.26.3-py3-none-any.whl", hash = "sha256:8cc4a31139e796e9a7de2cd5cf2489de1217193116a8fd42328f1bd65f434589", size = 5684792, upload-time = "2024-06-22T01:57:43.997Z" },
]
